{
  "name": "func-farm",
  "version": "1.0.0",
  "lockfileVersion": 1,
  "requires": true,
  "dependencies": {
    "brace": {
      "version": "0.11.1",
      "resolved": "https://registry.npmjs.org/brace/-/brace-0.11.1.tgz",
      "integrity": "sha1-SJb8ydVE7vRfS7dmDbMg07N5/lg="
    },
    "commander": {
      "version": "2.18.0",
      "resolved": "https://registry.npmjs.org/commander/-/commander-2.18.0.tgz",
      "integrity": "sha512-6CYPa+JP2ftfRU2qkDK+UTVeQYosOg/2GbcjIcKPHfinyOLPVGXu/ovN86RP49Re5ndJK1N0kuiidFFuepc4ZQ=="
    },
    "debug": {
      "version": "2.6.9",
      "resolved": "https://registry.npmjs.org/debug/-/debug-2.6.9.tgz",
      "integrity": "sha512-bC7ElrdJaJnPbAP+1EotYvqZsb3ecl5wi6Bfi6BJTUcNowp6cvspg0jXznRTKDjm/E7AdgFBVeAPVMNcKGsHMA==",
      "requires": {
        "ms": "2.0.0"
      }
    },
    "iconv-lite": {
      "version": "0.4.24",
      "resolved": "https://registry.npmjs.org/iconv-lite/-/iconv-lite-0.4.24.tgz",
      "integrity": "sha512-v3MXnZAcvnywkTUEZomIActle7RXXeedOR31wwl7VlyoXO4Qi9arvSenNQWne1TcRwhCL1HwLI21bEqdpj8/rA==",
      "requires": {
        "safer-buffer": ">= 2.1.2 < 3"
      }
    },
    "lodash": {
      "version": "4.17.21",
      "resolved": "https://registry.npmjs.org/lodash/-/lodash-4.17.21.tgz",
      "integrity": "sha512-v2kDEe57lecTulaDIuNTPy3Ry4gLGJ6Z1O3vE1krgXZNrsQ+LFTGHVxVjcXPs17LhbZVGedAJv8XZ1tvj5FvSg=="
    },
    "ms": {
      "version": "2.0.0",
      "resolved": "https://registry.npmjs.org/ms/-/ms-2.0.0.tgz",
      "integrity": "sha1-VgiurfwAvmwpAd9fmGF4jeDVl8g="
    },
    "needle": {
      "version": "2.2.4",
      "resolved": "https://registry.npmjs.org/needle/-/needle-2.2.4.tgz",
      "integrity": "sha512-HyoqEb4wr/rsoaIDfTH2aVL9nWtQqba2/HvMv+++m8u0dz808MaagKILxtfeSN7QU7nvbQ79zk3vYOJp9zsNEA==",
      "requires": {
        "debug": "^2.1.2",
        "iconv-lite": "^0.4.4",
        "sax": "^1.2.4"
      }
    },
    "openwhisk": {
      "version": "3.18.0",
      "resolved": "https://registry.npmjs.org/openwhisk/-/openwhisk-3.18.0.tgz",
      "integrity": "sha512-I+rbrL302xPJJhtUZMipXZXe0nik4D6nmr4hSIjHEgGMiSx+tjoIahOVlanASBhe4Er3K9WKFl3uC1tNRL9o9w==",
      "requires": {
        "needle": "^2.1.0"
      }
    },
    "project-name-generator": {
      "version": "2.1.5",
      "resolved": "https://registry.npmjs.org/project-name-generator/-/project-name-generator-2.1.5.tgz",
      "integrity": "sha512-deZX2f9ijkheLjCBaM5lGYgWnddQYxqaby6szdv0R6YlsmmEWz8tYyFq8B9BTYCZbXHsBS9cWTSqkAa4tSA1RA==",
      "requires": {
        "commander": "^2.15.1",
        "lodash": "^4.17.10"
      }
    },
    "safer-buffer": {
      "version": "2.1.2",
      "resolved": "https://registry.npmjs.org/safer-buffer/-/safer-buffer-2.1.2.tgz",
      "integrity": "sha512-YZo3K82SD7Riyi0E1EQPojLz7kpepnSQI9IyPbHHg1XXXevb5dJI7tpyN2ADxGcQbHG7vcyRHk0cbwqcQriUtg=="
    },
    "sax": {
      "version": "1.2.4",
      "resolved": "https://registry.npmjs.org/sax/-/sax-1.2.4.tgz",
      "integrity": "sha512-NqVDv9TpANUjFm0N8uM5GxL36UgKi9/atZw+x7YFnQ8ckwFGKrl4xX4yWtrey3UJm5nP1kUbnYgLopqWNSRhWw=="
    }
  }
}
